
Microsoft Visual Studio Solution File, Format Version 12.00
# Visual Studio Version 16
VisualStudioVersion = 16.0.32802.440
MinimumVisualStudioVersion = 10.0.40219.1
Project("{FAE04EC0-301F-11D3-BF4B-00C04F79EFBC}") = "asdfghj", "asdfghj\asdfghj.csproj", "{98D3FBEC-9E3B-4420-B1B3-910F837EE4E0}"
EndProject
Project("{2150E333-8FDC-42A3-9474-1A3956D46DE8}") = "NewFolder1", "NewFolder1", "{B06C95E6-6DDC-43CB-9BAB-4279B72640CB}"
EndProject
Global
	GlobalSection(SolutionConfigurationPlatforms) = preSolution
		Debug|Any CPU = Debug|Any CPU
		Release|Any CPU = Release|Any CPU
	EndGlobalSection
	GlobalSection(ProjectConfigurationPlatforms) = postSolution
		{98D3FBEC-9E3B-4420-B1B3-910F837EE4E0}.Debug|Any CPU.ActiveCfg = Debug|Any CPU
		{98D3FBEC-9E3B-4420-B1B3-910F837EE4E0}.Debug|Any CPU.Build.0 = Debug|Any CPU
		{98D3FBEC-9E3B-4420-B1B3-910F837EE4E0}.Release|Any CPU.ActiveCfg = Release|Any CPU
		{98D3FBEC-9E3B-4420-B1B3-910F837EE4E0}.Release|Any CPU.Build.0 = Release|Any CPU
	EndGlobalSection
	GlobalSection(SolutionProperties) = preSolution
		HideSolutionNode = FALSE
	EndGlobalSection
	GlobalSection(ExtensibilityGlobals) = postSolution
		SolutionGuid = {1FE955C2-F8D2-4F36-89AF-5ECC2B3FC5BC}
	EndGlobalSection
EndGlobal
